
Microsoft Visual Studio Solution File, Format Version 12.00
# Visual Studio Version 16
VisualStudioVersion = 16.0.31229.75
MinimumVisualStudioVersion = 10.0.40219.1
Project("{8BC9CEB8-8B4A-11D0-8D11-00A0C91BC942}") = "1.3.1", "1.3.1\1.3.1.vcxproj", "{719112A4-879A-46FA-A7E3-F5BB032B42AF}"
EndProject
Global
	GlobalSection(SolutionConfigurationPlatforms) = preSolution
		Debug|x64 = Debug|x64
		Debug|x86 = Debug|x86
		Release|x64 = Release|x64
		Release|x86 = Release|x86
	EndGlobalSection
	GlobalSection(ProjectConfigurationPlatforms) = postSolution
		{719112A4-879A-46FA-A7E3-F5BB032B42AF}.Debug|x64.ActiveCfg = Debug|x64
		{719112A4-879A-46FA-A7E3-F5BB032B42AF}.Debug|x64.Build.0 = Debug|x64
		{719112A4-879A-46FA-A7E3-F5BB032B42AF}.Debug|x86.ActiveCfg = Debug|Win32
		{719112A4-879A-46FA-A7E3-F5BB032B42AF}.Debug|x86.Build.0 = Debug|Win32
		{719112A4-879A-46FA-A7E3-F5BB032B42AF}.Release|x64.ActiveCfg = Release|x64
		{719112A4-879A-46FA-A7E3-F5BB032B42AF}.Release|x64.Build.0 = Release|x64
		{719112A4-879A-46FA-A7E3-F5BB032B42AF}.Release|x86.ActiveCfg = Release|Win32
		{719112A4-879A-46FA-A7E3-F5BB032B42AF}.Release|x86.Build.0 = Release|Win32
	EndGlobalSection
	GlobalSection(SolutionProperties) = preSolution
		HideSolutionNode = FALSE
	EndGlobalSection
	GlobalSection(ExtensibilityGlobals) = postSolution
		SolutionGuid = {CBA75FAA-4830-4A56-9805-1787B4DF809B}
	EndGlobalSection
EndGlobal
