
Microsoft Visual Studio Solution File, Format Version 12.00
# Visual Studio Version 16
VisualStudioVersion = 16.0.31229.75
MinimumVisualStudioVersion = 10.0.40219.1
Project("{8BC9CEB8-8B4A-11D0-8D11-00A0C91BC942}") = "1.3.4", "1.3.4\1.3.4.vcxproj", "{5031D42B-8A6D-441D-817A-C8A8007A7825}"
EndProject
Global
	GlobalSection(SolutionConfigurationPlatforms) = preSolution
		Debug|x64 = Debug|x64
		Debug|x86 = Debug|x86
		Release|x64 = Release|x64
		Release|x86 = Release|x86
	EndGlobalSection
	GlobalSection(ProjectConfigurationPlatforms) = postSolution
		{5031D42B-8A6D-441D-817A-C8A8007A7825}.Debug|x64.ActiveCfg = Debug|x64
		{5031D42B-8A6D-441D-817A-C8A8007A7825}.Debug|x64.Build.0 = Debug|x64
		{5031D42B-8A6D-441D-817A-C8A8007A7825}.Debug|x86.ActiveCfg = Debug|Win32
		{5031D42B-8A6D-441D-817A-C8A8007A7825}.Debug|x86.Build.0 = Debug|Win32
		{5031D42B-8A6D-441D-817A-C8A8007A7825}.Release|x64.ActiveCfg = Release|x64
		{5031D42B-8A6D-441D-817A-C8A8007A7825}.Release|x64.Build.0 = Release|x64
		{5031D42B-8A6D-441D-817A-C8A8007A7825}.Release|x86.ActiveCfg = Release|Win32
		{5031D42B-8A6D-441D-817A-C8A8007A7825}.Release|x86.Build.0 = Release|Win32
	EndGlobalSection
	GlobalSection(SolutionProperties) = preSolution
		HideSolutionNode = FALSE
	EndGlobalSection
	GlobalSection(ExtensibilityGlobals) = postSolution
		SolutionGuid = {7C4825A9-2E24-47D4-ACC7-C7F690CA42C9}
	EndGlobalSection
EndGlobal
